
Microsoft Visual Studio Solution File, Format Version 12.00
# Visual Studio Version 17
VisualStudioVersion = 17.3.32922.545
MinimumVisualStudioVersion = 10.0.40219.1
Project("{9A19103F-16F7-4668-BE54-9A1E7A4F7556}") = "ReadyUp", "ReadyUp\ReadyUp.csproj", "{06B85E76-473D-46FF-9C7B-AF35E6C6B63F}"
EndProject
Project("{9A19103F-16F7-4668-BE54-9A1E7A4F7556}") = "ReadyUpTest", "ReadyUpTest\ReadyUpTest.csproj", "{D40D2ED5-5B60-47B8-B252-B07BB24FEC0D}"
EndProject
Project("{FAE04EC0-301F-11D3-BF4B-00C04F79EFBC}") = "ReadyUp.Net", "ReadyUp.Net\ReadyUp.Net.csproj", "{99189278-FE13-4D3E-B58A-6AA6F701685A}"
EndProject
Global
	GlobalSection(SolutionConfigurationPlatforms) = preSolution
		Debug|Any CPU = Debug|Any CPU
		Release|Any CPU = Release|Any CPU
	EndGlobalSection
	GlobalSection(ProjectConfigurationPlatforms) = postSolution
		{06B85E76-473D-46FF-9C7B-AF35E6C6B63F}.Debug|Any CPU.ActiveCfg = Debug|Any CPU
		{06B85E76-473D-46FF-9C7B-AF35E6C6B63F}.Debug|Any CPU.Build.0 = Debug|Any CPU
		{06B85E76-473D-46FF-9C7B-AF35E6C6B63F}.Release|Any CPU.ActiveCfg = Release|Any CPU
		{06B85E76-473D-46FF-9C7B-AF35E6C6B63F}.Release|Any CPU.Build.0 = Release|Any CPU
		{D40D2ED5-5B60-47B8-B252-B07BB24FEC0D}.Debug|Any CPU.ActiveCfg = Debug|Any CPU
		{D40D2ED5-5B60-47B8-B252-B07BB24FEC0D}.Debug|Any CPU.Build.0 = Debug|Any CPU
		{D40D2ED5-5B60-47B8-B252-B07BB24FEC0D}.Release|Any CPU.ActiveCfg = Release|Any CPU
		{D40D2ED5-5B60-47B8-B252-B07BB24FEC0D}.Release|Any CPU.Build.0 = Release|Any CPU
		{99189278-FE13-4D3E-B58A-6AA6F701685A}.Debug|Any CPU.ActiveCfg = Debug|Any CPU
		{99189278-FE13-4D3E-B58A-6AA6F701685A}.Debug|Any CPU.Build.0 = Debug|Any CPU
		{99189278-FE13-4D3E-B58A-6AA6F701685A}.Release|Any CPU.ActiveCfg = Release|Any CPU
		{99189278-FE13-4D3E-B58A-6AA6F701685A}.Release|Any CPU.Build.0 = Release|Any CPU
	EndGlobalSection
	GlobalSection(SolutionProperties) = preSolution
		HideSolutionNode = FALSE
	EndGlobalSection
	GlobalSection(ExtensibilityGlobals) = postSolution
		SolutionGuid = {88EA475C-D64F-4038-88BC-BC0831FFCA6B}
	EndGlobalSection
EndGlobal
